# THIS IS AN AUTOGENERATED FILE. DO NOT EDIT THIS FILE DIRECTLY.
# yarn lockfile v1


"@emmetio/extract-abbreviation@^0.1.4":
  version "0.1.6"
  resolved "https://registry.yarnpkg.com/@emmetio/extract-abbreviation/-/extract-abbreviation-0.1.6.tgz#e4a9856c1057f0aff7d443b8536477c243abe28c"

jsonc-parser@^1.0.0:
  version "1.0.3"
  resolved "https://registry.yarnpkg.com/jsonc-parser/-/jsonc-parser-1.0.3.tgz#1d53d7160e401a783dbceabaad82473f80e6ad7e"

typescript-styled-plugin@^0.6.3:
  version "0.6.3"
  resolved "https://registry.yarnpkg.com/typescript-styled-plugin/-/typescript-styled-plugin-0.6.3.tgz#c9a5e7fa0d694118ae92515f3c7e91a1162f163f"
  dependencies:
    typescript-template-language-service-decorator "^1.2.0"
    vscode-css-languageservice "^3.0.8"
    vscode-emmet-helper "1.1.36"
    vscode-languageserver-types "^3.6.0-next.1"

typescript-template-language-service-decorator@^1.2.0:
  version "1.2.0"
  resolved "https://registry.yarnpkg.com/typescript-template-language-service-decorator/-/typescript-template-language-service-decorator-1.2.0.tgz#6d5b20b2b0f394a055390d901a4c5f273e3754ab"

typescript@^2.8.3:
  version "2.8.3"
  resolved "https://registry.yarnpkg.com/typescript/-/typescript-2.8.3.tgz#5d817f9b6f31bb871835f4edf0089f21abe6c170"

vscode-css-languageservice@^3.0.8:
  version "3.0.8"
  resolved "https://registry.yarnpkg.com/vscode-css-languageservice/-/vscode-css-languageservice-3.0.8.tgz#dc27a2f6eefd191bc603be6b9c0a59232a4c2b9f"
  dependencies:
    vscode-languageserver-types "^3.6.1"
    vscode-nls "^3.2.1"

vscode-emmet-helper@1.1.36:
  version "1.1.36"
  resolved "https://registry.yarnpkg.com/vscode-emmet-helper/-/vscode-emmet-helper-1.1.36.tgz#537cbf91041a3d426f6f24dd9834550a26e61685"
  dependencies:
    "@emmetio/extract-abbreviation" "^0.1.4"
    jsonc-parser "^1.0.0"
    vscode-languageserver-types "^3.6.0-next.1"

vscode-languageserver-types@^3.6.0-next.1, vscode-languageserver-types@^3.6.1:
  version "3.7.2"
  resolved "https://registry.yarnpkg.com/vscode-languageserver-types/-/vscode-languageserver-types-3.7.2.tgz#aad8846f8e3e27962648554de5a8417e358f34eb"

vscode-nls@^3.2.1:
  version "3.2.2"
  resolved "https://registry.yarnpkg.com/vscode-nls/-/vscode-nls-3.2.2.tgz#3817eca5b985c2393de325197cf4e15eb2aa5350"
